
Microsoft Visual Studio Solution File, Format Version 12.00
# Visual Studio Version 16
VisualStudioVersion = 16.0.31911.196
MinimumVisualStudioVersion = 10.0.40219.1
Project("{9A19103F-16F7-4668-BE54-9A1E7A4F7556}") = "MarsRobot.Test", "MarsRobot.Test\MarsRobot.Test.csproj", "{0F5CB918-104F-4440-94AE-5AFC8FB237EE}"
EndProject
Project("{9A19103F-16F7-4668-BE54-9A1E7A4F7556}") = "MarsRobot.Business", "MarsRobot.Business\MarsRobot.Business.csproj", "{DAF72B45-C423-4EA8-8C24-DF6A935D3E88}"
EndProject
Project("{FAE04EC0-301F-11D3-BF4B-00C04F79EFBC}") = "MarsRobot", "MarsRobot\MarsRobot.csproj", "{64F10892-290E-41B0-9390-1B875E3D5B99}"
EndProject
Global
	GlobalSection(SolutionConfigurationPlatforms) = preSolution
		Debug|Any CPU = Debug|Any CPU
		Release|Any CPU = Release|Any CPU
	EndGlobalSection
	GlobalSection(ProjectConfigurationPlatforms) = postSolution
		{0F5CB918-104F-4440-94AE-5AFC8FB237EE}.Debug|Any CPU.ActiveCfg = Debug|Any CPU
		{0F5CB918-104F-4440-94AE-5AFC8FB237EE}.Debug|Any CPU.Build.0 = Debug|Any CPU
		{0F5CB918-104F-4440-94AE-5AFC8FB237EE}.Release|Any CPU.ActiveCfg = Release|Any CPU
		{0F5CB918-104F-4440-94AE-5AFC8FB237EE}.Release|Any CPU.Build.0 = Release|Any CPU
		{DAF72B45-C423-4EA8-8C24-DF6A935D3E88}.Debug|Any CPU.ActiveCfg = Debug|Any CPU
		{DAF72B45-C423-4EA8-8C24-DF6A935D3E88}.Debug|Any CPU.Build.0 = Debug|Any CPU
		{DAF72B45-C423-4EA8-8C24-DF6A935D3E88}.Release|Any CPU.ActiveCfg = Release|Any CPU
		{DAF72B45-C423-4EA8-8C24-DF6A935D3E88}.Release|Any CPU.Build.0 = Release|Any CPU
		{64F10892-290E-41B0-9390-1B875E3D5B99}.Debug|Any CPU.ActiveCfg = Debug|Any CPU
		{64F10892-290E-41B0-9390-1B875E3D5B99}.Debug|Any CPU.Build.0 = Debug|Any CPU
		{64F10892-290E-41B0-9390-1B875E3D5B99}.Release|Any CPU.ActiveCfg = Release|Any CPU
		{64F10892-290E-41B0-9390-1B875E3D5B99}.Release|Any CPU.Build.0 = Release|Any CPU
	EndGlobalSection
	GlobalSection(SolutionProperties) = preSolution
		HideSolutionNode = FALSE
	EndGlobalSection
	GlobalSection(ExtensibilityGlobals) = postSolution
		SolutionGuid = {E6AF54B5-B248-4222-8531-A945903C36CF}
	EndGlobalSection
EndGlobal
